
Microsoft Visual Studio Solution File, Format Version 12.00
# Visual Studio Version 16
VisualStudioVersion = 16.0.31321.278
MinimumVisualStudioVersion = 10.0.40219.1
Project("{FAE04EC0-301F-11D3-BF4B-00C04F79EFBC}") = "PartyMVCUI", "PartyMVCUI\PartyMVCUI.csproj", "{5DF2732F-5EC5-485C-A3D0-1BFA8469F76A}"
EndProject
Project("{FAE04EC0-301F-11D3-BF4B-00C04F79EFBC}") = "PartyMVCLib", "PartyMVCLib\PartyMVCLib.csproj", "{6672E68C-84B9-49D5-B083-335BBFBC7A1F}"
EndProject
Global
	GlobalSection(SolutionConfigurationPlatforms) = preSolution
		Debug|Any CPU = Debug|Any CPU
		Release|Any CPU = Release|Any CPU
	EndGlobalSection
	GlobalSection(ProjectConfigurationPlatforms) = postSolution
		{5DF2732F-5EC5-485C-A3D0-1BFA8469F76A}.Debug|Any CPU.ActiveCfg = Debug|Any CPU
		{5DF2732F-5EC5-485C-A3D0-1BFA8469F76A}.Debug|Any CPU.Build.0 = Debug|Any CPU
		{5DF2732F-5EC5-485C-A3D0-1BFA8469F76A}.Release|Any CPU.ActiveCfg = Release|Any CPU
		{5DF2732F-5EC5-485C-A3D0-1BFA8469F76A}.Release|Any CPU.Build.0 = Release|Any CPU
		{6672E68C-84B9-49D5-B083-335BBFBC7A1F}.Debug|Any CPU.ActiveCfg = Debug|Any CPU
		{6672E68C-84B9-49D5-B083-335BBFBC7A1F}.Debug|Any CPU.Build.0 = Debug|Any CPU
		{6672E68C-84B9-49D5-B083-335BBFBC7A1F}.Release|Any CPU.ActiveCfg = Release|Any CPU
		{6672E68C-84B9-49D5-B083-335BBFBC7A1F}.Release|Any CPU.Build.0 = Release|Any CPU
	EndGlobalSection
	GlobalSection(SolutionProperties) = preSolution
		HideSolutionNode = FALSE
	EndGlobalSection
	GlobalSection(ExtensibilityGlobals) = postSolution
		SolutionGuid = {C22FFFFE-5A12-4AEE-B33D-BD77A925EDA4}
	EndGlobalSection
EndGlobal
